<Solution>
  <Configurations>
    <Platform Name="x64" />
    <Platform Name="x86" />
  </Configurations>
  <Folder Name="/AngelScriptProjectSln/">
    <File Path="AngelScriptProject/AngelScriptProject.slnx" />
  </Folder>
  <Project Path="../angelscript/sdk/angelscript/projects/msvc2022/angelscript.vcxproj" Id="39e6af97-6ba3-4a72-8c61-bcebf214ebfd" />
  <Project Path="AngelScript DebugServer.vcxproj" Id="6065c90f-639b-4b98-ab12-4df0a2a3b15d" />
  <Project Path="AngelScriptProject/AngelScriptProject.vcxproj" Id="71e7f75f-3d2e-4380-88bf-571016ccad69" />
</Solution>
